{
  "name": "AI-Math-Solver-2",
  "lockfileVersion": 3,
  "requires": true,
  "packages": {
    "": {
      "dependencies": {
        "ai": "^1.1.0",
        "dotenv": "^16.0.3"
      }
    },
    "node_modules/ai": {
      "version": "1.1.0",
      "resolved": "https://registry.npmjs.org/ai/-/ai-1.1.0.tgz",
      "integrity": "sha512-Q2XCRxZhYVuFMcMqlXl88TxFboFJb06LfUOkqpbLCJ/x0J4kIZbZwbQyG4ZOKpUkKpZ7gjVJfHhZY2LICHb0Yw==",
      "bundleDependencies": [
        "request"
      ],
      "dependencies": {
        "request": "~2.40.0"
      },
      "bin": {
        "ai": "bin/ai.js"
      }
    },
    "node_modules/ai/node_modules/request": {
      "version": "2.40.0",
      "engines": [
        "node >= 0.8.0"
      ],
      "inBundle": true,
      "license": "Apache-2.0",
      "dependencies": {
        "forever-agent": "~0.5.0",
        "json-stringify-safe": "~5.0.0",
        "mime-types": "~1.0.1",
        "node-uuid": "~1.4.0",
        "qs": "~1.0.0"
      },
      "optionalDependencies": {
        "aws-sign2": "~0.5.0",
        "form-data": "~0.1.0",
        "hawk": "1.1.1",
        "http-signature": "~0.10.0",
        "oauth-sign": "~0.3.0",
        "stringstream": "~0.0.4",
        "tough-cookie": ">=0.12.0",
        "tunnel-agent": "~0.4.0"
      }
    },
    "node_modules/ai/node_modules/request/node_modules/aws-sign2": {
      "version": "0.5.0",
      "inBundle": true,
      "optional": true,
      "engines": {
        "node": "*"
      }
    },
    "node_modules/ai/node_modules/request/node_modules/forever-agent": {
      "version": "0.5.2",
      "inBundle": true,
      "engines": {
        "node": "*"
      }
    },
    "node_modules/ai/node_modules/request/node_modules/form-data": {
      "version": "0.1.4",
      "inBundle": true,
      "optional": true,
      "dependencies": {
        "async": "~0.9.0",
        "combined-stream": "~0.0.4",
        "mime": "~1.2.11"
      },
      "engines": {
        "node": ">= 0.8"
      }
    },
    "node_modules/ai/node_modules/request/node_modules/form-data/node_modules/async": {
      "version": "0.9.0",
      "inBundle": true,
      "optional": true
    },
    "node_modules/ai/node_modules/request/node_modules/form-data/node_modules/combined-stream": {
      "version": "0.0.5",
      "inBundle": true,
      "optional": true,
      "dependencies": {
        "delayed-stream": "0.0.5"
      },
      "engines": {
        "node": ">= 0.8"
      }
    },
    "node_modules/ai/node_modules/request/node_modules/form-data/node_modules/combined-stream/node_modules/delayed-stream": {
      "version": "0.0.5",
      "inBundle": true,
      "optional": true,
      "engines": {
        "node": ">=0.4.0"
      }
    },
    "node_modules/ai/node_modules/request/node_modules/form-data/node_modules/mime": {
      "version": "1.2.11",
      "inBundle": true,
      "optional": true
    },
    "node_modules/ai/node_modules/request/node_modules/hawk": {
      "version": "1.1.1",
      "inBundle": true,
      "optional": true,
      "dependencies": {
        "boom": "0.4.x",
        "cryptiles": "0.2.x",
        "hoek": "0.9.x",
        "sntp": "0.2.x"
      },
      "engines": {
        "node": ">=0.8.0"
      }
    },
    "node_modules/ai/node_modules/request/node_modules/hawk/node_modules/boom": {
      "version": "0.4.2",
      "inBundle": true,
      "optional": true,
      "dependencies": {
        "hoek": "0.9.x"
      },
      "engines": {
        "node": ">=0.8.0"
      }
    },
    "node_modules/ai/node_modules/request/node_modules/hawk/node_modules/cryptiles": {
      "version": "0.2.2",
      "inBundle": true,
      "optional": true,
      "dependencies": {
        "boom": "0.4.x"
      },
      "engines": {
        "node": ">=0.8.0"
      }
    },
    "node_modules/ai/node_modules/request/node_modules/hawk/node_modules/hoek": {
      "version": "0.9.1",
      "inBundle": true,
      "optional": true,
      "engines": {
        "node": ">=0.8.0"
      }
    },
    "node_modules/ai/node_modules/request/node_modules/hawk/node_modules/sntp": {
      "version": "0.2.4",
      "inBundle": true,
      "optional": true,
      "dependencies": {
        "hoek": "0.9.x"
      },
      "engines": {
        "node": ">=0.8.0"
      }
    },
    "node_modules/ai/node_modules/request/node_modules/http-signature": {
      "version": "0.10.0",
      "inBundle": true,
      "optional": true,
      "dependencies": {
        "asn1": "0.1.11",
        "assert-plus": "0.1.2",
        "ctype": "0.5.2"
      },
      "engines": {
        "node": ">=0.8"
      }
    },
    "node_modules/ai/node_modules/request/node_modules/http-signature/node_modules/asn1": {
      "version": "0.1.11",
      "inBundle": true,
      "optional": true,
      "engines": {
        "node": ">=0.4.9"
      }
    },
    "node_modules/ai/node_modules/request/node_modules/http-signature/node_modules/assert-plus": {
      "version": "0.1.2",
      "inBundle": true,
      "optional": true,
      "engines": {
        "node": ">=0.6"
      }
    },
    "node_modules/ai/node_modules/request/node_modules/http-signature/node_modules/ctype": {
      "version": "0.5.2",
      "inBundle": true,
      "optional": true,
      "engines": {
        "node": ">= 0.4"
      }
    },
    "node_modules/ai/node_modules/request/node_modules/json-stringify-safe": {
      "version": "5.0.0",
      "inBundle": true,
      "license": "BSD"
    },
    "node_modules/ai/node_modules/request/node_modules/mime-types": {
      "version": "1.0.2",
      "inBundle": true,
      "license": "MIT",
      "engines": {
        "node": ">= 0.8.0"
      }
    },
    "node_modules/ai/node_modules/request/node_modules/node-uuid": {
      "version": "1.4.1",
      "inBundle": true
    },
    "node_modules/ai/node_modules/request/node_modules/oauth-sign": {
      "version": "0.3.0",
      "inBundle": true,
      "optional": true,
      "engines": {
        "node": "*"
      }
    },
    "node_modules/ai/node_modules/request/node_modules/qs": {
      "version": "1.0.2",
      "inBundle": true
    },
    "node_modules/ai/node_modules/request/node_modules/stringstream": {
      "version": "0.0.4",
      "inBundle": true,
      "license": "MIT",
      "optional": true
    },
    "node_modules/ai/node_modules/request/node_modules/tough-cookie": {
      "version": "0.12.1",
      "inBundle": true,
      "license": "MIT",
      "optional": true,
      "dependencies": {
        "punycode": ">=0.2.0"
      },
      "engines": {
        "node": ">=0.4.12"
      }
    },
    "node_modules/ai/node_modules/request/node_modules/tough-cookie/node_modules/punycode": {
      "version": "1.3.1",
      "inBundle": true,
      "optional": true
    },
    "node_modules/ai/node_modules/request/node_modules/tunnel-agent": {
      "version": "0.4.0",
      "inBundle": true,
      "optional": true,
      "engines": {
        "node": "*"
      }
    },
    "node_modules/dotenv": {
      "version": "16.0.3",
      "resolved": "https://registry.npmjs.org/dotenv/-/dotenv-16.0.3.tgz",
      "integrity": "sha512-7GO6HghkA5fYG9TYnNxi14/7K9f5occMlp3zXAuSxn7CKCxt9xbNWG7yF8hTCSUchlfWSe3uLmlPfigevRItzQ==",
      "engines": {
        "node": ">=12"
      }
    }
  }
}
